
Microsoft Visual Studio Solution File, Format Version 12.00
# Visual Studio 15
VisualStudioVersion = 15.0.27130.2026
MinimumVisualStudioVersion = 10.0.40219.1
Project("{FAE04EC0-301F-11D3-BF4B-00C04F79EFBC}") = "AssertDemo", "AssertDemo\AssertDemo.csproj", "{5689B633-CF99-4C47-8A56-2017358D95C9}"
EndProject
Project("{FAE04EC0-301F-11D3-BF4B-00C04F79EFBC}") = "AssertDemo.Tests", "AssertDemo.Tests\AssertDemo.Tests.csproj", "{A6F7A566-5948-4810-895E-72C4EAD2F236}"
EndProject
Global
	GlobalSection(SolutionConfigurationPlatforms) = preSolution
		Debug|Any CPU = Debug|Any CPU
		Release|Any CPU = Release|Any CPU
	EndGlobalSection
	GlobalSection(ProjectConfigurationPlatforms) = postSolution
		{5689B633-CF99-4C47-8A56-2017358D95C9}.Debug|Any CPU.ActiveCfg = Debug|Any CPU
		{5689B633-CF99-4C47-8A56-2017358D95C9}.Debug|Any CPU.Build.0 = Debug|Any CPU
		{5689B633-CF99-4C47-8A56-2017358D95C9}.Release|Any CPU.ActiveCfg = Release|Any CPU
		{5689B633-CF99-4C47-8A56-2017358D95C9}.Release|Any CPU.Build.0 = Release|Any CPU
		{A6F7A566-5948-4810-895E-72C4EAD2F236}.Debug|Any CPU.ActiveCfg = Debug|Any CPU
		{A6F7A566-5948-4810-895E-72C4EAD2F236}.Debug|Any CPU.Build.0 = Debug|Any CPU
		{A6F7A566-5948-4810-895E-72C4EAD2F236}.Release|Any CPU.ActiveCfg = Release|Any CPU
		{A6F7A566-5948-4810-895E-72C4EAD2F236}.Release|Any CPU.Build.0 = Release|Any CPU
	EndGlobalSection
	GlobalSection(SolutionProperties) = preSolution
		HideSolutionNode = FALSE
	EndGlobalSection
	GlobalSection(ExtensibilityGlobals) = postSolution
		SolutionGuid = {E433DBBF-A5D3-4613-AAF3-9CA5C32F9559}
	EndGlobalSection
EndGlobal
